// !$*UTF8*$!
{
	archiveVersion = 1;
	classes = {
	};
	objectVersion = 56;
	objects = {

/* Begin PBXBuildFile section */
		D95B948F2ADDF0C500B3ADF1 /* main.cpp in Sources */ = {isa = PBXBuildFile; fileRef = D95B948E2ADDF0C500B3ADF1 /* main.cpp */; };
		D95B94972ADDF24600B3ADF1 /* Name.cpp in Sources */ = {isa = PBXBuildFile; fileRef = D95B94962ADDF24600B3ADF1 /* Name.cpp */; };
		D95B949A2ADDF34600B3ADF1 /* Equipment.cpp in Sources */ = {isa = PBXBuildFile; fileRef = D95B94992ADDF34600B3ADF1 /* Equipment.cpp */; };
		D95B949D2ADDF70700B3ADF1 /* Flight.cpp in Sources */ = {isa = PBXBuildFile; fileRef = D95B949C2ADDF70700B3ADF1 /* Flight.cpp */; };
/* End PBXBuildFile section */

/* Begin PBXCopyFilesBuildPhase section */
		D95B94892ADDF0C500B3ADF1 /* CopyFiles */ = {
			isa = PBXCopyFilesBuildPhase;
			buildActionMask = 2147483647;
			dstPath = /usr/share/man/man1/;
			dstSubfolderSpec = 0;
			files = (
			);
			runOnlyForDeploymentPostprocessing = 1;
		};
/* End PBXCopyFilesBuildPhase section */

/* Begin PBXFileReference section */
		D95B948B2ADDF0C500B3ADF1 /* FlightManagementSystem */ = {isa = PBXFileReference; explicitFileType = "compiled.mach-o.executable"; includeInIndex = 0; path = FlightManagementSystem; sourceTree = BUILT_PRODUCTS_DIR; };
		D95B948E2ADDF0C500B3ADF1 /* main.cpp */ = {isa = PBXFileReference; lastKnownFileType = sourcecode.cpp.cpp; path = main.cpp; sourceTree = "<group>"; };
		D95B94952ADDF1F500B3ADF1 /* Name.h */ = {isa = PBXFileReference; lastKnownFileType = sourcecode.c.h; path = Name.h; sourceTree = "<group>"; };
		D95B94962ADDF24600B3ADF1 /* Name.cpp */ = {isa = PBXFileReference; lastKnownFileType = sourcecode.cpp.cpp; path = Name.cpp; sourceTree = "<group>"; };
		D95B94982ADDF2CC00B3ADF1 /* Equipment.h */ = {isa = PBXFileReference; lastKnownFileType = sourcecode.c.h; path = Equipment.h; sourceTree = "<group>"; };
		D95B94992ADDF34600B3ADF1 /* Equipment.cpp */ = {isa = PBXFileReference; lastKnownFileType = sourcecode.cpp.cpp; path = Equipment.cpp; sourceTree = "<group>"; };
		D95B949B2ADDF50000B3ADF1 /* Flight.h */ = {isa = PBXFileReference; lastKnownFileType = sourcecode.c.h; path = Flight.h; sourceTree = "<group>"; };
		D95B949C2ADDF70700B3ADF1 /* Flight.cpp */ = {isa = PBXFileReference; lastKnownFileType = sourcecode.cpp.cpp; path = Flight.cpp; sourceTree = "<group>"; };
/* End PBXFileReference section */

/* Begin PBXFrameworksBuildPhase section */
		D95B94882ADDF0C500B3ADF1 /* Frameworks */ = {
			isa = PBXFrameworksBuildPhase;
			buildActionMask = 2147483647;
			files = (
			);
			runOnlyForDeploymentPostprocessing = 0;
		};
/* End PBXFrameworksBuildPhase section */

/* Begin PBXGroup section */
		D95B94822ADDF0C500B3ADF1 = {
			isa = PBXGroup;
			children = (
				D95B948D2ADDF0C500B3ADF1 /* FlightManagementSystem */,
				D95B948C2ADDF0C500B3ADF1 /* Products */,
			);
			sourceTree = "<group>";
		};
		D95B948C2ADDF0C500B3ADF1 /* Products */ = {
			isa = PBXGroup;
			children = (
				D95B948B2ADDF0C500B3ADF1 /* FlightManagementSystem */,
			);
			name = Products;
			sourceTree = "<group>";
		};
		D95B948D2ADDF0C500B3ADF1 /* FlightManagementSystem */ = {
			isa = PBXGroup;
			children = (
				D95B948E2ADDF0C500B3ADF1 /* main.cpp */,
				D95B94952ADDF1F500B3ADF1 /* Name.h */,
				D95B94962ADDF24600B3ADF1 /* Name.cpp */,
				D95B94982ADDF2CC00B3ADF1 /* Equipment.h */,
				D95B94992ADDF34600B3ADF1 /* Equipment.cpp */,
				D95B949B2ADDF50000B3ADF1 /* Flight.h */,
				D95B949C2ADDF70700B3ADF1 /* Flight.cpp */,
			);
			path = FlightManagementSystem;
			sourceTree = "<group>";
		};
/* End PBXGroup section */

/* Begin PBXNativeTarget section */
		D95B948A2ADDF0C500B3ADF1 /* FlightManagementSystem */ = {
			isa = PBXNativeTarget;
			buildConfigurationList = D95B94922ADDF0C500B3ADF1 /* Build configuration list for PBXNativeTarget "FlightManagementSystem" */;
			buildPhases = (
				D95B94872ADDF0C500B3ADF1 /* Sources */,
				D95B94882ADDF0C500B3ADF1 /* Frameworks */,
				D95B94892ADDF0C500B3ADF1 /* CopyFiles */,
			);
			buildRules = (
			);
			dependencies = (
			);
			name = FlightManagementSystem;
			productName = FlightManagementSystem;
			productReference = D95B948B2ADDF0C500B3ADF1 /* FlightManagementSystem */;
			productType = "com.apple.product-type.tool";
		};
/* End PBXNativeTarget section */

/* Begin PBXProject section */
		D95B94832ADDF0C500B3ADF1 /* Project object */ = {
			isa = PBXProject;
			attributes = {
				BuildIndependentTargetsInParallel = 1;
				LastUpgradeCheck = 1430;
				TargetAttributes = {
					D95B948A2ADDF0C500B3ADF1 = {
						CreatedOnToolsVersion = 14.3.1;
					};
				};
			};
			buildConfigurationList = D95B94862ADDF0C500B3ADF1 /* Build configuration list for PBXProject "FlightManagementSystem" */;
			compatibilityVersion = "Xcode 14.0";
			developmentRegion = en;
			hasScannedForEncodings = 0;
			knownRegions = (
				en,
				Base,
			);
			mainGroup = D95B94822ADDF0C500B3ADF1;
			productRefGroup = D95B948C2ADDF0C500B3ADF1 /* Products */;
			projectDirPath = "";
			projectRoot = "";
			targets = (
				D95B948A2ADDF0C500B3ADF1 /* FlightManagementSystem */,
			);
		};
/* End PBXProject section */

/* Begin PBXSourcesBuildPhase section */
		D95B94872ADDF0C500B3ADF1 /* Sources */ = {
			isa = PBXSourcesBuildPhase;
			buildActionMask = 2147483647;
			files = (
				D95B949A2ADDF34600B3ADF1 /* Equipment.cpp in Sources */,
				D95B949D2ADDF70700B3ADF1 /* Flight.cpp in Sources */,
				D95B94972ADDF24600B3ADF1 /* Name.cpp in Sources */,
				D95B948F2ADDF0C500B3ADF1 /* main.cpp in Sources */,
			);
			runOnlyForDeploymentPostprocessing = 0;
		};
/* End PBXSourcesBuildPhase section */

/* Begin XCBuildConfiguration section */
		D95B94902ADDF0C500B3ADF1 /* Debug */ = {
			isa = XCBuildConfiguration;
			buildSettings = {
				ALWAYS_SEARCH_USER_PATHS = NO;
				CLANG_ANALYZER_NONNULL = YES;
				CLANG_ANALYZER_NUMBER_OBJECT_CONVERSION = YES_AGGRESSIVE;
				CLANG_CXX_LANGUAGE_STANDARD = "gnu++20";
				CLANG_ENABLE_MODULES = YES;
				CLANG_ENABLE_OBJC_ARC = YES;
				CLANG_ENABLE_OBJC_WEAK = YES;
				CLANG_WARN_BLOCK_CAPTURE_AUTORELEASING = YES;
				CLANG_WARN_BOOL_CONVERSION = YES;
				CLANG_WARN_COMMA = YES;
				CLANG_WARN_CONSTANT_CONVERSION = YES;
				CLANG_WARN_DEPRECATED_OBJC_IMPLEMENTATIONS = YES;
				CLANG_WARN_DIRECT_OBJC_ISA_USAGE = YES_ERROR;
				CLANG_WARN_DOCUMENTATION_COMMENTS = YES;
				CLANG_WARN_EMPTY_BODY = YES;
				CLANG_WARN_ENUM_CONVERSION = YES;
				CLANG_WARN_INFINITE_RECURSION = YES;
				CLANG_WARN_INT_CONVERSION = YES;
				CLANG_WARN_NON_LITERAL_NULL_CONVERSION = YES;
				CLANG_WARN_OBJC_IMPLICIT_RETAIN_SELF = YES;
				CLANG_WARN_OBJC_LITERAL_CONVERSION = YES;
				CLANG_WARN_OBJC_ROOT_CLASS = YES_ERROR;
				CLANG_WARN_QUOTED_INCLUDE_IN_FRAMEWORK_HEADER = YES;
				CLANG_WARN_RANGE_LOOP_ANALYSIS = YES;
				CLANG_WARN_STRICT_PROTOTYPES = YES;
				CLANG_WARN_SUSPICIOUS_MOVE = YES;
				CLANG_WARN_UNGUARDED_AVAILABILITY = YES_AGGRESSIVE;
				CLANG_WARN_UNREACHABLE_CODE = YES;
				CLANG_WARN__DUPLICATE_METHOD_MATCH = YES;
				COPY_PHASE_STRIP = NO;
				DEBUG_INFORMATION_FORMAT = dwarf;
				ENABLE_STRICT_OBJC_MSGSEND = YES;
				ENABLE_TESTABILITY = YES;
				GCC_C_LANGUAGE_STANDARD = gnu11;
				GCC_DYNAMIC_NO_PIC = NO;
				GCC_NO_COMMON_BLOCKS = YES;
				GCC_OPTIMIZATION_LEVEL = 0;
				GCC_PREPROCESSOR_DEFINITIONS = (
					"DEBUG=1",
					"$(inherited)",
				);
				GCC_WARN_64_TO_32_BIT_CONVERSION = YES;
				GCC_WARN_ABOUT_RETURN_TYPE = YES_ERROR;
				GCC_WARN_UNDECLARED_SELECTOR = YES;
				GCC_WARN_UNINITIALIZED_AUTOS = YES_AGGRESSIVE;
				GCC_WARN_UNUSED_FUNCTION = YES;
				GCC_WARN_UNUSED_VARIABLE = YES;
				MACOSX_DEPLOYMENT_TARGET = 13.3;
				MTL_ENABLE_DEBUG_INFO = INCLUDE_SOURCE;
				MTL_FAST_MATH = YES;
				ONLY_ACTIVE_ARCH = YES;
				SDKROOT = macosx;
			};
			name = Debug;
		};
		D95B94912ADDF0C500B3ADF1 /* Release */ = {
			isa = XCBuildConfiguration;
			buildSettings = {
				ALWAYS_SEARCH_USER_PATHS = NO;
				CLANG_ANALYZER_NONNULL = YES;
				CLANG_ANALYZER_NUMBER_OBJECT_CONVERSION = YES_AGGRESSIVE;
				CLANG_CXX_LANGUAGE_STANDARD = "gnu++20";
				CLANG_ENABLE_MODULES = YES;
				CLANG_ENABLE_OBJC_ARC = YES;
				CLANG_ENABLE_OBJC_WEAK = YES;
				CLANG_WARN_BLOCK_CAPTURE_AUTORELEASING = YES;
				CLANG_WARN_BOOL_CONVERSION = YES;
				CLANG_WARN_COMMA = YES;
				CLANG_WARN_CONSTANT_CONVERSION = YES;
				CLANG_WARN_DEPRECATED_OBJC_IMPLEMENTATIONS = YES;
				CLANG_WARN_DIRECT_OBJC_ISA_USAGE = YES_ERROR;
				CLANG_WARN_DOCUMENTATION_COMMENTS = YES;
				CLANG_WARN_EMPTY_BODY = YES;
				CLANG_WARN_ENUM_CONVERSION = YES;
				CLANG_WARN_INFINITE_RECURSION = YES;
				CLANG_WARN_INT_CONVERSION = YES;
				CLANG_WARN_NON_LITERAL_NULL_CONVERSION = YES;
				CLANG_WARN_OBJC_IMPLICIT_RETAIN_SELF = YES;
				CLANG_WARN_OBJC_LITERAL_CONVERSION = YES;
				CLANG_WARN_OBJC_ROOT_CLASS = YES_ERROR;
				CLANG_WARN_QUOTED_INCLUDE_IN_FRAMEWORK_HEADER = YES;
				CLANG_WARN_RANGE_LOOP_ANALYSIS = YES;
				CLANG_WARN_STRICT_PROTOTYPES = YES;
				CLANG_WARN_SUSPICIOUS_MOVE = YES;
				CLANG_WARN_UNGUARDED_AVAILABILITY = YES_AGGRESSIVE;
				CLANG_WARN_UNREACHABLE_CODE = YES;
				CLANG_WARN__DUPLICATE_METHOD_MATCH = YES;
				COPY_PHASE_STRIP = NO;
				DEBUG_INFORMATION_FORMAT = "dwarf-with-dsym";
				ENABLE_NS_ASSERTIONS = NO;
				ENABLE_STRICT_OBJC_MSGSEND = YES;
				GCC_C_LANGUAGE_STANDARD = gnu11;
				GCC_NO_COMMON_BLOCKS = YES;
				GCC_WARN_64_TO_32_BIT_CONVERSION = YES;
				GCC_WARN_ABOUT_RETURN_TYPE = YES_ERROR;
				GCC_WARN_UNDECLARED_SELECTOR = YES;
				GCC_WARN_UNINITIALIZED_AUTOS = YES_AGGRESSIVE;
				GCC_WARN_UNUSED_FUNCTION = YES;
				GCC_WARN_UNUSED_VARIABLE = YES;
				MACOSX_DEPLOYMENT_TARGET = 13.3;
				MTL_ENABLE_DEBUG_INFO = NO;
				MTL_FAST_MATH = YES;
				SDKROOT = macosx;
			};
			name = Release;
		};
		D95B94932ADDF0C500B3ADF1 /* Debug */ = {
			isa = XCBuildConfiguration;
			buildSettings = {
				CODE_SIGN_STYLE = Automatic;
				PRODUCT_NAME = "$(TARGET_NAME)";
			};
			name = Debug;
		};
		D95B94942ADDF0C500B3ADF1 /* Release */ = {
			isa = XCBuildConfiguration;
			buildSettings = {
				CODE_SIGN_STYLE = Automatic;
				PRODUCT_NAME = "$(TARGET_NAME)";
			};
			name = Release;
		};
/* End XCBuildConfiguration section */

/* Begin XCConfigurationList section */
		D95B94862ADDF0C500B3ADF1 /* Build configuration list for PBXProject "FlightManagementSystem" */ = {
			isa = XCConfigurationList;
			buildConfigurations = (
				D95B94902ADDF0C500B3ADF1 /* Debug */,
				D95B94912ADDF0C500B3ADF1 /* Release */,
			);
			defaultConfigurationIsVisible = 0;
			defaultConfigurationName = Release;
		};
		D95B94922ADDF0C500B3ADF1 /* Build configuration list for PBXNativeTarget "FlightManagementSystem" */ = {
			isa = XCConfigurationList;
			buildConfigurations = (
				D95B94932ADDF0C500B3ADF1 /* Debug */,
				D95B94942ADDF0C500B3ADF1 /* Release */,
			);
			defaultConfigurationIsVisible = 0;
			defaultConfigurationName = Release;
		};
/* End XCConfigurationList section */
	};
	rootObject = D95B94832ADDF0C500B3ADF1 /* Project object */;
}
